
Microsoft Visual Studio Solution File, Format Version 12.00
# Visual Studio Version 17
VisualStudioVersion = 17.14.36109.1 d17.14
MinimumVisualStudioVersion = 10.0.40219.1
Project("{FAE04EC0-301F-11D3-BF4B-00C04F79EFBC}") = "Domain", "Domain\Domain.csproj", "{3D34EEB6-3313-4650-8A69-3871441B16E3}"
EndProject
Project("{FAE04EC0-301F-11D3-BF4B-00C04F79EFBC}") = "Infrastructure", "Infrastructure\Infrastructure.csproj", "{779005F4-0F3D-412E-8B30-72E9C03A0810}"
EndProject
Project("{FAE04EC0-301F-11D3-BF4B-00C04F79EFBC}") = "TicketManagementUI", "TicketManagementUI\TicketManagementUI.csproj", "{2D768ED7-D83E-47DE-8DD6-B3A85BA72CED}"
EndProject
Global
	GlobalSection(SolutionConfigurationPlatforms) = preSolution
		Debug|Any CPU = Debug|Any CPU
		Release|Any CPU = Release|Any CPU
	EndGlobalSection
	GlobalSection(ProjectConfigurationPlatforms) = postSolution
		{3D34EEB6-3313-4650-8A69-3871441B16E3}.Debug|Any CPU.ActiveCfg = Debug|Any CPU
		{3D34EEB6-3313-4650-8A69-3871441B16E3}.Debug|Any CPU.Build.0 = Debug|Any CPU
		{3D34EEB6-3313-4650-8A69-3871441B16E3}.Release|Any CPU.ActiveCfg = Release|Any CPU
		{3D34EEB6-3313-4650-8A69-3871441B16E3}.Release|Any CPU.Build.0 = Release|Any CPU
		{779005F4-0F3D-412E-8B30-72E9C03A0810}.Debug|Any CPU.ActiveCfg = Debug|Any CPU
		{779005F4-0F3D-412E-8B30-72E9C03A0810}.Debug|Any CPU.Build.0 = Debug|Any CPU
		{779005F4-0F3D-412E-8B30-72E9C03A0810}.Release|Any CPU.ActiveCfg = Release|Any CPU
		{779005F4-0F3D-412E-8B30-72E9C03A0810}.Release|Any CPU.Build.0 = Release|Any CPU
		{2D768ED7-D83E-47DE-8DD6-B3A85BA72CED}.Debug|Any CPU.ActiveCfg = Debug|Any CPU
		{2D768ED7-D83E-47DE-8DD6-B3A85BA72CED}.Debug|Any CPU.Build.0 = Debug|Any CPU
		{2D768ED7-D83E-47DE-8DD6-B3A85BA72CED}.Release|Any CPU.ActiveCfg = Release|Any CPU
		{2D768ED7-D83E-47DE-8DD6-B3A85BA72CED}.Release|Any CPU.Build.0 = Release|Any CPU
	EndGlobalSection
	GlobalSection(SolutionProperties) = preSolution
		HideSolutionNode = FALSE
	EndGlobalSection
	GlobalSection(ExtensibilityGlobals) = postSolution
		SolutionGuid = {FB1B6AC5-D2D1-4E7B-9964-6745000105AB}
	EndGlobalSection
EndGlobal
